<?xml version="1.0" encoding="utf-8"?>
<Project ToolsVersion="4.0" xmlns="http://schemas.microsoft.com/developer/msbuild/2003">
  <ItemGroup>
    <Filter Include="Core">
      <UniqueIdentifier>{3a1c9f40-2d6b-4c18-9f7e-51b0c2a7d3e1}</UniqueIdentifier>
    </Filter>
  </ItemGroup>
  <ItemGroup>
    <ClInclude Include="Core\stdafx.h">
      <Filter>Core</Filter>
    </ClInclude>
    <ClInclude Include="Core\DXException.h">
      <Filter>Core</Filter>
    </ClInclude>
    <ClInclude Include="Core\Logger.h">
      <Filter>Core</Filter>
    </ClInclude>
    <ClInclude Include="Core\Timer.h">
      <Filter>Core</Filter>
    </ClInclude>
    <ClInclude Include="Core\Window.h">
      <Filter>Core</Filter>
    </ClInclude>
  </ItemGroup>
  <ItemGroup>
    <ClCompile Include="Core\DXException.cpp">
      <Filter>Core</Filter>
    </ClCompile>
    <ClCompile Include="Core\Logger.cpp">
      <Filter>Core</Filter>
    </ClCompile>
    <ClCompile Include="Core\Timer.cpp">
      <Filter>Core</Filter>
    </ClCompile>
    <ClCompile Include="Core\Window.cpp">
      <Filter>Core</Filter>
    </ClCompile>
    <ClCompile Include="Main.cpp" />
  </ItemGroup>
</Project>
